
Microsoft Visual Studio Solution File, Format Version 12.00
# Visual Studio Version 16
VisualStudioVersion = 16.0.32929.386
MinimumVisualStudioVersion = 10.0.40219.1
Project("{8BC9CEB8-8B4A-11D0-8D11-00A0C91BC942}") = "test_11_2.c", "test_11_2.c\test_11_2.c.vcxproj", "{7ADBC81C-21ED-45CA-8536-94D48AC7C538}"
EndProject
Global
	GlobalSection(SolutionConfigurationPlatforms) = preSolution
		Debug|x64 = Debug|x64
		Debug|x86 = Debug|x86
		Release|x64 = Release|x64
		Release|x86 = Release|x86
	EndGlobalSection
	GlobalSection(ProjectConfigurationPlatforms) = postSolution
		{7ADBC81C-21ED-45CA-8536-94D48AC7C538}.Debug|x64.ActiveCfg = Debug|x64
		{7ADBC81C-21ED-45CA-8536-94D48AC7C538}.Debug|x64.Build.0 = Debug|x64
		{7ADBC81C-21ED-45CA-8536-94D48AC7C538}.Debug|x86.ActiveCfg = Debug|Win32
		{7ADBC81C-21ED-45CA-8536-94D48AC7C538}.Debug|x86.Build.0 = Debug|Win32
		{7ADBC81C-21ED-45CA-8536-94D48AC7C538}.Release|x64.ActiveCfg = Release|x64
		{7ADBC81C-21ED-45CA-8536-94D48AC7C538}.Release|x64.Build.0 = Release|x64
		{7ADBC81C-21ED-45CA-8536-94D48AC7C538}.Release|x86.ActiveCfg = Release|Win32
		{7ADBC81C-21ED-45CA-8536-94D48AC7C538}.Release|x86.Build.0 = Release|Win32
	EndGlobalSection
	GlobalSection(SolutionProperties) = preSolution
		HideSolutionNode = FALSE
	EndGlobalSection
	GlobalSection(ExtensibilityGlobals) = postSolution
		SolutionGuid = {1F8DFF62-4039-4CD3-8E1A-AF96DA0D2EE6}
	EndGlobalSection
EndGlobal
